# THIS IS AN AUTOGENERATED FILE. DO NOT EDIT THIS FILE DIRECTLY.
# yarn lockfile v1


"@automapper/classes@^8.7.7":
  version "8.7.7"
  resolved "https://registry.yarnpkg.com/@automapper/classes/-/classes-8.7.7.tgz#2194ba66d4e7689bec23289b56efc5eb69358c9d"
  integrity sha512-FSbvt6QE8XnhKKQZA3kpKLuLrr9x1iW+lNYTrawVLjxQ05zsCGccLxe7moMNrg1wFAVAouQKupFgCGQ7XRjmJw==

"@automapper/core@^8.7.7":
  version "8.7.7"
  resolved "https://registry.yarnpkg.com/@automapper/core/-/core-8.7.7.tgz#b48dd0260d188e6036fafd7ac03727d9295175ab"
  integrity sha512-YfpDJ/xqwUuC0S+BLNk81ZJfeL7CmjirUX/Gk9eQyx146DKvneBZgeZ9v5rDB51Ti14jTxVHis+5JuT7W/q0TA==

"@automapper/pojos@^8.7.7":
  version "8.7.7"
  resolved "https://registry.yarnpkg.com/@automapper/pojos/-/pojos-8.7.7.tgz#7795d70aa5310c2b5fb1afdf2910a1abc98cc49a"
  integrity sha512-8w0qY8ymSZPfmIAVbbcFjJ3XceFbBhn07cAau7mU+Dg37UNUTf5Ggh8knnxh4hOzkOiN0rBxs7z9fotwXVv8Jw==

reflect-metadata@^0.1.13:
  version "0.1.13"
  resolved "https://registry.yarnpkg.com/reflect-metadata/-/reflect-metadata-0.1.13.tgz#67ae3ca57c972a2aa1642b10fe363fe32d49dc08"
  integrity sha512-Ts1Y/anZELhSsjMcU605fU9RE4Oi3p5ORujwbIKXfWa+0Zxs510Qrmrce5/Jowq3cHSZSJqBjypxmHarc+vEWg==

typescript@^5.0.4:
  version "5.0.4"
  resolved "https://registry.yarnpkg.com/typescript/-/typescript-5.0.4.tgz#b217fd20119bd61a94d4011274e0ab369058da3b"
  integrity sha512-cW9T5W9xY37cc+jfEnaUvX91foxtHkza3Nw3wkoF4sSlKn0MONdkdEndig/qPBWXNkmplh3NzayQzCiHM4/hqw==
